
Microsoft Visual Studio Solution File, Format Version 12.00
# Visual Studio Version 17
VisualStudioVersion = 17.9.34622.214
MinimumVisualStudioVersion = 10.0.40219.1
Project("{FAE04EC0-301F-11D3-BF4B-00C04F79EFBC}") = "PickACardUI", "PickACardUI.csproj", "{B05B0645-30EF-4E0E-9C73-041AEAB24DA1}"
EndProject
Global
	GlobalSection(SolutionConfigurationPlatforms) = preSolution
		Debug|Any CPU = Debug|Any CPU
		Release|Any CPU = Release|Any CPU
	EndGlobalSection
	GlobalSection(ProjectConfigurationPlatforms) = postSolution
		{B05B0645-30EF-4E0E-9C73-041AEAB24DA1}.Debug|Any CPU.ActiveCfg = Debug|Any CPU
		{B05B0645-30EF-4E0E-9C73-041AEAB24DA1}.Debug|Any CPU.Build.0 = Debug|Any CPU
		{B05B0645-30EF-4E0E-9C73-041AEAB24DA1}.Release|Any CPU.ActiveCfg = Release|Any CPU
		{B05B0645-30EF-4E0E-9C73-041AEAB24DA1}.Release|Any CPU.Build.0 = Release|Any CPU
	EndGlobalSection
	GlobalSection(SolutionProperties) = preSolution
		HideSolutionNode = FALSE
	EndGlobalSection
	GlobalSection(ExtensibilityGlobals) = postSolution
		SolutionGuid = {3864E0DD-BAD2-476E-A9B1-EC2CF43E554F}
	EndGlobalSection
EndGlobal
